
Microsoft Visual Studio Solution File, Format Version 12.00
# Visual Studio Version 17
VisualStudioVersion = 17.14.36202.13 d17.14
MinimumVisualStudioVersion = 10.0.40219.1
Project("{FAE04EC0-301F-11D3-BF4B-00C04F79EFBC}") = "WebApiTransfer", "WebApiTransfer\WebApiTransfer.csproj", "{9B95158F-484F-41B9-ADB0-79B783487EA2}"
EndProject
Project("{FAE04EC0-301F-11D3-BF4B-00C04F79EFBC}") = "Domain", "Domain\Domain.csproj", "{F2CBE246-C4BC-4101-9285-D375DABDCD6A}"
EndProject
Project("{FAE04EC0-301F-11D3-BF4B-00C04F79EFBC}") = "Core", "Core\Core.csproj", "{A4BA5767-6317-4E0B-99C1-63B974A7E27B}"
EndProject
Global
	GlobalSection(SolutionConfigurationPlatforms) = preSolution
		Debug|Any CPU = Debug|Any CPU
		Release|Any CPU = Release|Any CPU
	EndGlobalSection
	GlobalSection(ProjectConfigurationPlatforms) = postSolution
		{9B95158F-484F-41B9-ADB0-79B783487EA2}.Debug|Any CPU.ActiveCfg = Debug|Any CPU
		{9B95158F-484F-41B9-ADB0-79B783487EA2}.Debug|Any CPU.Build.0 = Debug|Any CPU
		{9B95158F-484F-41B9-ADB0-79B783487EA2}.Release|Any CPU.ActiveCfg = Release|Any CPU
		{9B95158F-484F-41B9-ADB0-79B783487EA2}.Release|Any CPU.Build.0 = Release|Any CPU
		{F2CBE246-C4BC-4101-9285-D375DABDCD6A}.Debug|Any CPU.ActiveCfg = Debug|Any CPU
		{F2CBE246-C4BC-4101-9285-D375DABDCD6A}.Debug|Any CPU.Build.0 = Debug|Any CPU
		{F2CBE246-C4BC-4101-9285-D375DABDCD6A}.Release|Any CPU.ActiveCfg = Release|Any CPU
		{F2CBE246-C4BC-4101-9285-D375DABDCD6A}.Release|Any CPU.Build.0 = Release|Any CPU
		{A4BA5767-6317-4E0B-99C1-63B974A7E27B}.Debug|Any CPU.ActiveCfg = Debug|Any CPU
		{A4BA5767-6317-4E0B-99C1-63B974A7E27B}.Debug|Any CPU.Build.0 = Debug|Any CPU
		{A4BA5767-6317-4E0B-99C1-63B974A7E27B}.Release|Any CPU.ActiveCfg = Release|Any CPU
		{A4BA5767-6317-4E0B-99C1-63B974A7E27B}.Release|Any CPU.Build.0 = Release|Any CPU
	EndGlobalSection
	GlobalSection(SolutionProperties) = preSolution
		HideSolutionNode = FALSE
	EndGlobalSection
	GlobalSection(ExtensibilityGlobals) = postSolution
		SolutionGuid = {E000D3D6-6D90-4EDF-B552-33FD28A4AC09}
	EndGlobalSection
EndGlobal
